
Microsoft Visual Studio Solution File, Format Version 12.00
# Visual Studio Version 17
VisualStudioVersion = 17.5.002.0
MinimumVisualStudioVersion = 10.0.40219.1
Project("{9A19103F-16F7-4668-BE54-9A1E7A4F7556}") = "selenium_nunit", "selenium_nunit\selenium_nunit.csproj", "{FCA3D54A-6BEF-4319-9D45-A95F6F1B7B94}"
EndProject
Global
	GlobalSection(SolutionConfigurationPlatforms) = preSolution
		Debug|Any CPU = Debug|Any CPU
		Release|Any CPU = Release|Any CPU
	EndGlobalSection
	GlobalSection(ProjectConfigurationPlatforms) = postSolution
		{FCA3D54A-6BEF-4319-9D45-A95F6F1B7B94}.Debug|Any CPU.ActiveCfg = Debug|Any CPU
		{FCA3D54A-6BEF-4319-9D45-A95F6F1B7B94}.Debug|Any CPU.Build.0 = Debug|Any CPU
		{FCA3D54A-6BEF-4319-9D45-A95F6F1B7B94}.Release|Any CPU.ActiveCfg = Release|Any CPU
		{FCA3D54A-6BEF-4319-9D45-A95F6F1B7B94}.Release|Any CPU.Build.0 = Release|Any CPU
	EndGlobalSection
	GlobalSection(SolutionProperties) = preSolution
		HideSolutionNode = FALSE
	EndGlobalSection
	GlobalSection(ExtensibilityGlobals) = postSolution
		SolutionGuid = {1C823F02-9D17-4EE1-BA4A-0B13BD0D8F82}
	EndGlobalSection
EndGlobal
